schema: '2.0'
stages:
  model_evaluation:
    cmd: python src/model/model_evaluation.py
    deps:
    - path: data/interim/test_processed.csv
      hash: md5
      md5: 20e0d1f7475c3f6ff20400efbc8c4774
      size: 1248568
    - path: data/interim/train_processed.csv
      hash: md5
      md5: b5a818f46d32f38de3b86a761aa39e1e
      size: 3886282
    - path: lgbm_model.pkl
      hash: md5
      md5: 7e5136f460b50384458b27f089213c36
      size: 4100729
    - path: src/model/model_evaluation.py
      hash: md5
      md5: 0f37cbd88b40c3bd53f40b9c53f9ae08
      size: 6844
    - path: tfidf_vectorizer.pkl
      hash: md5
      md5: 8e2fe043ff4ac4e06e4a79a6a62ea0b4
      size: 383935
  model_registration:
    cmd: python src/model/register_model.py
    deps:
    - path: experiment_info.json
      hash: md5
      md5: a3f26ca12c308b19748576e6198fe646
      size: 87
    - path: src/model/register_model.py
      hash: md5
      md5: b1fdf76a10a657e38b2106d4ce8fcf00
      size: 2476
